<?xml version="1.0" encoding="UTF-8" standalone="yes" ?>
<CodeBlocks_project_file>
	<FileVersion major="1" minor="6" />
	<Project>
		<Option title="Magma" />
		<Option pch_mode="2" />
		<Option compiler="gcc" />
		<Build>
			<Target title="Debug">
				<Option output="bin/debug/Magma" prefix_auto="1" extension_auto="1" />
				<Option object_output="obj/debug/" />
				<Option type="3" />
				<Option compiler="gcc" />
				<Option createDefFile="1" />
				<Option createStaticLib="1" />
				<Compiler>
					<Add option="-Wall" />
					<Add option="-g" />
				</Compiler>
			</Target>
			<Target title="Release">
				<Option output="bin/release/Magma" prefix_auto="1" extension_auto="1" />
				<Option object_output="obj/release/" />
				<Option type="3" />
				<Option compiler="gcc" />
				<Option createDefFile="1" />
				<Option createStaticLib="1" />
				<Compiler>
					<Add option="-O2" />
					<Add option="-Wall" />
				</Compiler>
				<Linker>
					<Add option="-s" />
				</Linker>
			</Target>
			<Target title="Doxygen">
				<Option type="4" />
				<Option compiler="gcc" />
				<Option projectCompilerOptionsRelation="1" />
				<Option projectLinkerOptionsRelation="1" />
				<Option projectIncludeDirsRelation="1" />
				<Option projectResourceIncludeDirsRelation="1" />
				<Option projectLibDirsRelation="1" />
				<ExtraCommands>
					<Add before="rm -rf doc/*" />
					<Add before="doxygen Doxyfile" />
					<Mode after="always" />
				</ExtraCommands>
			</Target>
			<Target title="Makefile">
				<Option type="4" />
				<Option compiler="gcc" />
				<Option projectCompilerOptionsRelation="1" />
				<Option projectLinkerOptionsRelation="1" />
				<Option projectIncludeDirsRelation="1" />
				<Option projectResourceIncludeDirsRelation="1" />
				<Option projectLibDirsRelation="1" />
				<ExtraCommands>
					<Add before="--local -in Magma.cbp -unix -windows -mac --wrap-objects --with-deps" />
					<Mode after="always" />
				</ExtraCommands>
			</Target>
		</Build>
		<Compiler>
			<Add option="-std=c++11" />
			<Add option="-Wall" />
			<Add option="-fexceptions" />
			<Add option="-DNDEBUG" />
		</Compiler>
		<Unit filename="src/Magma/Magma.hpp">
			<Option target="Debug" />
			<Option target="Release" />
		</Unit>
		<Unit filename="src/Magma/Mtl.hpp">
			<Option target="Debug" />
			<Option target="Release" />
		</Unit>
		<Unit filename="src/Magma/MtlDefines.hpp">
			<Option target="Debug" />
			<Option target="Release" />
		</Unit>
		<Unit filename="src/Magma/MtlDefines.inl">
			<Option target="Debug" />
			<Option target="Release" />
		</Unit>
		<Unit filename="src/Magma/MtlMatrix.hpp">
			<Option target="Debug" />
			<Option target="Release" />
		</Unit>
		<Unit filename="src/Magma/MtlMatrix.inl">
			<Option target="Debug" />
			<Option target="Release" />
		</Unit>
		<Unit filename="src/Magma/MtlMatrixOps.hpp">
			<Option target="Debug" />
			<Option target="Release" />
		</Unit>
		<Unit filename="src/Magma/MtlMatrixOps.inl">
			<Option target="Debug" />
			<Option target="Release" />
		</Unit>
		<Unit filename="src/Magma/MtlOutput.hpp">
			<Option target="Debug" />
			<Option target="Release" />
		</Unit>
		<Unit filename="src/Magma/MtlOutput.inl">
			<Option target="Debug" />
			<Option target="Release" />
		</Unit>
		<Unit filename="src/Magma/MtlPoint.hpp">
			<Option target="Debug" />
			<Option target="Release" />
		</Unit>
		<Unit filename="src/Magma/MtlPoint.inl">
			<Option target="Debug" />
			<Option target="Release" />
		</Unit>
		<Unit filename="src/Magma/MtlPointOps.hpp">
			<Option target="Debug" />
			<Option target="Release" />
		</Unit>
		<Unit filename="src/Magma/MtlPointOps.inl">
			<Option target="Debug" />
			<Option target="Release" />
		</Unit>
		<Unit filename="src/Magma/MtlVector.hpp">
			<Option target="Debug" />
			<Option target="Release" />
			<Option target="Doxygen" />
		</Unit>
		<Unit filename="src/Magma/MtlVector.inl">
			<Option target="Debug" />
			<Option target="Release" />
			<Option target="Doxygen" />
		</Unit>
		<Unit filename="src/Magma/MtlVectorOps.hpp">
			<Option target="Debug" />
			<Option target="Release" />
			<Option target="Doxygen" />
		</Unit>
		<Unit filename="src/Magma/MtlVectorOps.inl">
			<Option target="Debug" />
			<Option target="Release" />
			<Option target="Doxygen" />
		</Unit>
		<Extensions>
			<envvars />
			<code_completion />
			<debugger />
			<lib_finder disable_auto="1" />
		</Extensions>
	</Project>
</CodeBlocks_project_file>
