<?xml version="1.0" encoding="UTF-8" standalone="yes" ?>
<CodeBlocks_project_file>
	<FileVersion major="1" minor="6" />
	<Project>
		<Option title="Maral" />
		<Option pch_mode="2" />
		<Option compiler="gcc" />
		<Build>
			<Target title="Debug">
				<Option output="bin/debug/Maral" prefix_auto="1" extension_auto="1" />
				<Option object_output="obj/debug/" />
				<Option type="3" />
				<Option compiler="gcc" />
				<Option createDefFile="1" />
				<Option createStaticLib="1" />
				<Compiler>
					<Add option="-Wall" />
					<Add option="-g" />
				</Compiler>
				<ExtraCommands>
					<Add after="bin/debug/test --result_code=no --report_level=no" />
					<Mode after="always" />
				</ExtraCommands>
			</Target>
			<Target title="Release">
				<Option output="bin/release/Maral" prefix_auto="1" extension_auto="1" />
				<Option object_output="obj/release/" />
				<Option type="3" />
				<Option compiler="gcc" />
				<Option createDefFile="1" />
				<Option createStaticLib="1" />
				<Compiler>
					<Add option="-O2" />
					<Add option="-Wall" />
				</Compiler>
				<Linker>
					<Add option="-s" />
				</Linker>
			</Target>
			<Target title="Doxygen">
				<Option type="4" />
				<Option compiler="gcc" />
				<Option projectCompilerOptionsRelation="1" />
				<Option projectLinkerOptionsRelation="1" />
				<Option projectIncludeDirsRelation="1" />
				<Option projectResourceIncludeDirsRelation="1" />
				<Option projectLibDirsRelation="1" />
				<ExtraCommands>
					<Add before="rm -rf doc/html doc/latex" />
					<Add before="doxygen Doxyfile" />
					<Mode after="always" />
				</ExtraCommands>
			</Target>
			<Target title="Makefile">
				<Option type="4" />
				<Option compiler="gcc" />
				<Option projectCompilerOptionsRelation="1" />
				<Option projectLinkerOptionsRelation="1" />
				<Option projectIncludeDirsRelation="1" />
				<Option projectResourceIncludeDirsRelation="1" />
				<Option projectLibDirsRelation="1" />
				<ExtraCommands>
					<Add before="cbp2make --local -in Maral.cbp -out Makefile --wrap-objects --with-deps" />
					<Mode after="always" />
				</ExtraCommands>
			</Target>
		</Build>
		<Compiler>
			<Add option="-std=c++11" />
			<Add option="-Wall" />
			<Add option="-fexceptions" />
			<Add option="-DNDEBUG" />
		</Compiler>
		<Unit filename="boost_install.txt">
			<Option target="&lt;{~None~}&gt;" />
		</Unit>
		<Unit filename="install.txt">
			<Option target="&lt;{~None~}&gt;" />
		</Unit>
		<Unit filename="src/maral/algorithms/connect.hpp">
			<Option target="Debug" />
			<Option target="Release" />
		</Unit>
		<Unit filename="src/maral/algorithms/remove.hpp">
			<Option target="Debug" />
			<Option target="Release" />
		</Unit>
		<Unit filename="src/maral/algorithms/remove_if.hpp">
			<Option target="Debug" />
			<Option target="Release" />
		</Unit>
		<Unit filename="src/maral/atom.hpp">
			<Option target="Debug" />
			<Option target="Release" />
		</Unit>
		<Unit filename="src/maral/bootstraps/bs_basic.hpp">
			<Option target="Debug" />
			<Option target="Release" />
		</Unit>
		<Unit filename="src/maral/bootstraps/bs_pdb.hpp">
			<Option target="Debug" />
			<Option target="Release" />
		</Unit>
		<Unit filename="src/maral/bootstraps/bs_pdb_multimodel.hpp">
			<Option target="Debug" />
			<Option target="Release" />
		</Unit>
		<Unit filename="src/maral/component.hpp">
			<Option target="Debug" />
			<Option target="Release" />
		</Unit>
		<Unit filename="src/maral/components.hpp">
			<Option target="Debug" />
			<Option target="Release" />
		</Unit>
		<Unit filename="src/maral/components/atomic_number.hpp">
			<Option target="Debug" />
			<Option target="Release" />
		</Unit>
		<Unit filename="src/maral/components/atomic_number.ipp">
			<Option target="Debug" />
			<Option target="Release" />
		</Unit>
		<Unit filename="src/maral/components/b_factor.hpp">
			<Option target="Debug" />
			<Option target="Release" />
		</Unit>
		<Unit filename="src/maral/components/chainid.hpp">
			<Option target="Debug" />
			<Option target="Release" />
		</Unit>
		<Unit filename="src/maral/components/coordinates.hpp">
			<Option target="Debug" />
			<Option target="Release" />
		</Unit>
		<Unit filename="src/maral/components/covalent_radius.hpp">
			<Option target="Debug" />
			<Option target="Release" />
		</Unit>
		<Unit filename="src/maral/components/covalent_radius.ipp">
			<Option target="Debug" />
			<Option target="Release" />
		</Unit>
		<Unit filename="src/maral/components/formal_charge.hpp">
			<Option target="Debug" />
			<Option target="Release" />
		</Unit>
		<Unit filename="src/maral/components/icode.hpp">
			<Option target="Debug" />
			<Option target="Release" />
		</Unit>
		<Unit filename="src/maral/components/linked_position.hpp">
			<Option target="Debug" />
			<Option target="Release" />
		</Unit>
		<Unit filename="src/maral/components/name.hpp">
			<Option target="Debug" />
			<Option target="Release" />
		</Unit>
		<Unit filename="src/maral/components/occupancy.hpp">
			<Option target="Debug" />
			<Option target="Release" />
		</Unit>
		<Unit filename="src/maral/components/order.hpp">
			<Option target="Debug" />
			<Option target="Release" />
		</Unit>
		<Unit filename="src/maral/components/partial_charge.hpp">
			<Option target="Debug" />
			<Option target="Release" />
		</Unit>
		<Unit filename="src/maral/components/position.hpp">
			<Option target="Debug" />
			<Option target="Release" />
		</Unit>
		<Unit filename="src/maral/format.hpp">
			<Option target="Debug" />
			<Option target="Release" />
		</Unit>
		<Unit filename="src/maral/hierarchical.hpp">
			<Option target="Debug" />
			<Option target="Release" />
		</Unit>
		<Unit filename="src/maral/hierarchical.ipp">
			<Option target="Debug" />
			<Option target="Release" />
		</Unit>
		<Unit filename="src/maral/inserters.ipp">
			<Option target="Debug" />
			<Option target="Release" />
		</Unit>
		<Unit filename="src/maral/ioformats/pdb.hpp">
			<Option target="Debug" />
			<Option target="Release" />
		</Unit>
		<Unit filename="src/maral/ioformats/pdb.ipp">
			<Option target="Debug" />
			<Option target="Release" />
		</Unit>
		<Unit filename="src/maral/ioformats/tree.hpp">
			<Option target="Debug" />
			<Option target="Release" />
		</Unit>
		<Unit filename="src/maral/ioformats/tree.ipp">
			<Option target="Debug" />
			<Option target="Release" />
		</Unit>
		<Unit filename="src/maral/iomanip.hpp">
			<Option target="Debug" />
			<Option target="Release" />
		</Unit>
		<Unit filename="src/maral/make.hpp">
			<Option target="Debug" />
			<Option target="Release" />
		</Unit>
		<Unit filename="src/maral/maral.hpp">
			<Option target="Debug" />
			<Option target="Release" />
		</Unit>
		<Unit filename="src/maral/model.hpp">
			<Option target="Debug" />
			<Option target="Release" />
		</Unit>
		<Unit filename="src/maral/molecule.hpp">
			<Option target="Debug" />
			<Option target="Release" />
		</Unit>
		<Unit filename="src/maral/mtl/constants.hpp">
			<Option target="Debug" />
			<Option target="Release" />
		</Unit>
		<Unit filename="src/maral/mtl/extractors.hpp">
			<Option target="Debug" />
			<Option target="Release" />
		</Unit>
		<Unit filename="src/maral/mtl/extractors.ipp">
			<Option target="Debug" />
			<Option target="Release" />
		</Unit>
		<Unit filename="src/maral/mtl/inserters.hpp">
			<Option target="Debug" />
			<Option target="Release" />
		</Unit>
		<Unit filename="src/maral/mtl/inserters.ipp">
			<Option target="Debug" />
			<Option target="Release" />
		</Unit>
		<Unit filename="src/maral/mtl/iomanip.hpp">
			<Option target="Debug" />
			<Option target="Release" />
		</Unit>
		<Unit filename="src/maral/mtl/matrix.hpp">
			<Option target="Debug" />
			<Option target="Release" />
		</Unit>
		<Unit filename="src/maral/mtl/matrix.ipp">
			<Option target="Debug" />
			<Option target="Release" />
		</Unit>
		<Unit filename="src/maral/mtl/matrix_ops.ipp">
			<Option target="Debug" />
			<Option target="Release" />
		</Unit>
		<Unit filename="src/maral/mtl/mtl.hpp">
			<Option target="Debug" />
			<Option target="Release" />
		</Unit>
		<Unit filename="src/maral/mtl/point.hpp">
			<Option target="Debug" />
			<Option target="Release" />
		</Unit>
		<Unit filename="src/maral/mtl/point.ipp">
			<Option target="Debug" />
			<Option target="Release" />
		</Unit>
		<Unit filename="src/maral/mtl/point_ops.ipp">
			<Option target="Debug" />
			<Option target="Release" />
		</Unit>
		<Unit filename="src/maral/mtl/vector.hpp">
			<Option target="Debug" />
			<Option target="Release" />
		</Unit>
		<Unit filename="src/maral/mtl/vector.ipp">
			<Option target="Debug" />
			<Option target="Release" />
		</Unit>
		<Unit filename="src/maral/mtl/vector_ops.ipp">
			<Option target="Debug" />
			<Option target="Release" />
		</Unit>
		<Unit filename="src/maral/root.hpp">
			<Option target="Debug" />
			<Option target="Release" />
		</Unit>
		<Unit filename="src/maral/submolecule.hpp">
			<Option target="Debug" />
			<Option target="Release" />
		</Unit>
		<Unit filename="src/maral/traits.hpp">
			<Option target="Debug" />
			<Option target="Release" />
		</Unit>
		<Unit filename="src/maral/units.hpp">
			<Option target="Debug" />
			<Option target="Release" />
		</Unit>
		<Extensions>
			<envvars />
			<code_completion />
			<debugger />
			<lib_finder disable_auto="1" />
			<DoxyBlocks>
				<comment_style block="5" line="2" />
				<doxyfile_project />
				<doxyfile_build />
				<doxyfile_warnings />
				<doxyfile_output />
				<doxyfile_dot />
				<general />
			</DoxyBlocks>
		</Extensions>
	</Project>
</CodeBlocks_project_file>
